
Microsoft Visual Studio Solution File, Format Version 12.00
# Visual Studio Version 17
VisualStudioVersion = 17.2.32519.379
MinimumVisualStudioVersion = 10.0.40219.1
Project("{2150E333-8FDC-42A3-9474-1A3956D46DE8}") = "Services", "Services", "{E28E3649-B2C7-48E5-A250-01DACC57418D}"
EndProject
Project("{2150E333-8FDC-42A3-9474-1A3956D46DE8}") = "Catalog", "Catalog", "{20187CFF-FF3F-492D-9478-3E953BDE1436}"
EndProject
Project("{9A19103F-16F7-4668-BE54-9A1E7A4F7556}") = "Catalog.API", "Services\Catalog\Catalog.API\Catalog.API.csproj", "{B6E98C21-406A-4BFD-B21E-F3B1DA814619}"
EndProject
Project("{E53339B2-1760-4266-BCC7-CA923CBCF16C}") = "docker-compose", "docker-compose.dcproj", "{4E0E029F-AAFA-41A1-B6F3-281650950A7F}"
EndProject
Project("{2150E333-8FDC-42A3-9474-1A3956D46DE8}") = "Basket", "Basket", "{8B832E87-A70C-4F8A-B6E9-C3C68AA9D458}"
EndProject
Project("{9A19103F-16F7-4668-BE54-9A1E7A4F7556}") = "Basket.Api", "Services\Basket\Basket.Api\Basket.Api.csproj", "{F4689633-9313-4A7B-936C-8A8C4786B2A3}"
EndProject
Project("{2150E333-8FDC-42A3-9474-1A3956D46DE8}") = "Discount", "Discount", "{74B576E6-9C5F-4EE0-A1A5-4CDB17830FEF}"
EndProject
Project("{9A19103F-16F7-4668-BE54-9A1E7A4F7556}") = "Discount.API", "Services\Discount\Discount.API\Discount.API.csproj", "{9CB455E3-476A-40B7-94EF-CB25C7DEF9B1}"
EndProject
Project("{FAE04EC0-301F-11D3-BF4B-00C04F79EFBC}") = "Discount.Grpc", "Services\Discount\Discount.Grpc\Discount.Grpc.csproj", "{142621F0-4E77-4398-BC8B-06C50BFD1AD8}"
EndProject
Global
	GlobalSection(SolutionConfigurationPlatforms) = preSolution
		Debug|Any CPU = Debug|Any CPU
		Release|Any CPU = Release|Any CPU
	EndGlobalSection
	GlobalSection(ProjectConfigurationPlatforms) = postSolution
		{B6E98C21-406A-4BFD-B21E-F3B1DA814619}.Debug|Any CPU.ActiveCfg = Debug|Any CPU
		{B6E98C21-406A-4BFD-B21E-F3B1DA814619}.Debug|Any CPU.Build.0 = Debug|Any CPU
		{B6E98C21-406A-4BFD-B21E-F3B1DA814619}.Release|Any CPU.ActiveCfg = Release|Any CPU
		{B6E98C21-406A-4BFD-B21E-F3B1DA814619}.Release|Any CPU.Build.0 = Release|Any CPU
		{4E0E029F-AAFA-41A1-B6F3-281650950A7F}.Debug|Any CPU.ActiveCfg = Debug|Any CPU
		{4E0E029F-AAFA-41A1-B6F3-281650950A7F}.Debug|Any CPU.Build.0 = Debug|Any CPU
		{4E0E029F-AAFA-41A1-B6F3-281650950A7F}.Release|Any CPU.ActiveCfg = Release|Any CPU
		{4E0E029F-AAFA-41A1-B6F3-281650950A7F}.Release|Any CPU.Build.0 = Release|Any CPU
		{F4689633-9313-4A7B-936C-8A8C4786B2A3}.Debug|Any CPU.ActiveCfg = Debug|Any CPU
		{F4689633-9313-4A7B-936C-8A8C4786B2A3}.Debug|Any CPU.Build.0 = Debug|Any CPU
		{F4689633-9313-4A7B-936C-8A8C4786B2A3}.Release|Any CPU.ActiveCfg = Release|Any CPU
		{F4689633-9313-4A7B-936C-8A8C4786B2A3}.Release|Any CPU.Build.0 = Release|Any CPU
		{9CB455E3-476A-40B7-94EF-CB25C7DEF9B1}.Debug|Any CPU.ActiveCfg = Debug|Any CPU
		{9CB455E3-476A-40B7-94EF-CB25C7DEF9B1}.Debug|Any CPU.Build.0 = Debug|Any CPU
		{9CB455E3-476A-40B7-94EF-CB25C7DEF9B1}.Release|Any CPU.ActiveCfg = Release|Any CPU
		{9CB455E3-476A-40B7-94EF-CB25C7DEF9B1}.Release|Any CPU.Build.0 = Release|Any CPU
		{142621F0-4E77-4398-BC8B-06C50BFD1AD8}.Debug|Any CPU.ActiveCfg = Debug|Any CPU
		{142621F0-4E77-4398-BC8B-06C50BFD1AD8}.Debug|Any CPU.Build.0 = Debug|Any CPU
		{142621F0-4E77-4398-BC8B-06C50BFD1AD8}.Release|Any CPU.ActiveCfg = Release|Any CPU
		{142621F0-4E77-4398-BC8B-06C50BFD1AD8}.Release|Any CPU.Build.0 = Release|Any CPU
	EndGlobalSection
	GlobalSection(SolutionProperties) = preSolution
		HideSolutionNode = FALSE
	EndGlobalSection
	GlobalSection(NestedProjects) = preSolution
		{20187CFF-FF3F-492D-9478-3E953BDE1436} = {E28E3649-B2C7-48E5-A250-01DACC57418D}
		{B6E98C21-406A-4BFD-B21E-F3B1DA814619} = {20187CFF-FF3F-492D-9478-3E953BDE1436}
		{8B832E87-A70C-4F8A-B6E9-C3C68AA9D458} = {E28E3649-B2C7-48E5-A250-01DACC57418D}
		{F4689633-9313-4A7B-936C-8A8C4786B2A3} = {8B832E87-A70C-4F8A-B6E9-C3C68AA9D458}
		{74B576E6-9C5F-4EE0-A1A5-4CDB17830FEF} = {E28E3649-B2C7-48E5-A250-01DACC57418D}
		{9CB455E3-476A-40B7-94EF-CB25C7DEF9B1} = {74B576E6-9C5F-4EE0-A1A5-4CDB17830FEF}
		{142621F0-4E77-4398-BC8B-06C50BFD1AD8} = {74B576E6-9C5F-4EE0-A1A5-4CDB17830FEF}
	EndGlobalSection
	GlobalSection(ExtensibilityGlobals) = postSolution
		SolutionGuid = {314FBDB1-A65D-4459-9030-42219A8E6DE0}
	EndGlobalSection
EndGlobal
