
Microsoft Visual Studio Solution File, Format Version 12.00
# Visual Studio Version 17
VisualStudioVersion = 17.2.32519.379
MinimumVisualStudioVersion = 10.0.40219.1
Project("{2150E333-8FDC-42A3-9474-1A3956D46DE8}") = "Services", "Services", "{E28E3649-B2C7-48E5-A250-01DACC57418D}"
EndProject
Project("{2150E333-8FDC-42A3-9474-1A3956D46DE8}") = "Catalog", "Catalog", "{20187CFF-FF3F-492D-9478-3E953BDE1436}"
EndProject
Project("{FAE04EC0-301F-11D3-BF4B-00C04F79EFBC}") = "Catalog.API", "Services\Catalog\Catalog.API\Catalog.API.csproj", "{B6E98C21-406A-4BFD-B21E-F3B1DA814619}"
EndProject
Global
	GlobalSection(SolutionConfigurationPlatforms) = preSolution
		Debug|Any CPU = Debug|Any CPU
		Release|Any CPU = Release|Any CPU
	EndGlobalSection
	GlobalSection(ProjectConfigurationPlatforms) = postSolution
		{B6E98C21-406A-4BFD-B21E-F3B1DA814619}.Debug|Any CPU.ActiveCfg = Debug|Any CPU
		{B6E98C21-406A-4BFD-B21E-F3B1DA814619}.Debug|Any CPU.Build.0 = Debug|Any CPU
		{B6E98C21-406A-4BFD-B21E-F3B1DA814619}.Release|Any CPU.ActiveCfg = Release|Any CPU
		{B6E98C21-406A-4BFD-B21E-F3B1DA814619}.Release|Any CPU.Build.0 = Release|Any CPU
	EndGlobalSection
	GlobalSection(SolutionProperties) = preSolution
		HideSolutionNode = FALSE
	EndGlobalSection
	GlobalSection(NestedProjects) = preSolution
		{20187CFF-FF3F-492D-9478-3E953BDE1436} = {E28E3649-B2C7-48E5-A250-01DACC57418D}
		{B6E98C21-406A-4BFD-B21E-F3B1DA814619} = {20187CFF-FF3F-492D-9478-3E953BDE1436}
	EndGlobalSection
	GlobalSection(ExtensibilityGlobals) = postSolution
		SolutionGuid = {314FBDB1-A65D-4459-9030-42219A8E6DE0}
	EndGlobalSection
EndGlobal
